<?xml version="1.0" encoding="UTF-8" standalone="yes" ?>
<CodeBlocks_project_file>
	<FileVersion major="1" minor="6" />
	<Project>
		<Option title="NuLL" />
		<Option pch_mode="2" />
		<Option compiler="gcc" />
		<Build>
			<Script file="lib_finder.script" />
			<Target title="Debug">
				<Option output="bin\Debug\NuLL" prefix_auto="1" extension_auto="1" />
				<Option object_output="obj\Debug\" />
				<Option type="1" />
				<Option compiler="gcc" />
				<Compiler>
					<Add option="-g" />
				</Compiler>
				<Linker>
					<Add library="C:\FLTK\lib\fltk.lib" />
					<Add library="C:\FLTK\lib\fltk_forms.lib" />
					<Add library="C:\FLTK\lib\fltk_gl.lib" />
					<Add library="C:\FLTK\lib\fltk_images.lib" />
					<Add library="C:\FLTK\lib\fltk_jpeg.lib" />
					<Add library="C:\FLTK\lib\fltk_png.lib" />
					<Add library="C:\FLTK\lib\fltk_zlib.lib" />
				</Linker>
			</Target>
			<Target title="Release">
				<Option output="bin\Release\NuLL" prefix_auto="1" extension_auto="1" />
				<Option object_output="obj\Release\" />
				<Option type="1" />
				<Option compiler="gcc" />
				<Compiler>
					<Add option="-O2" />
				</Compiler>
				<Linker>
					<Add option="-s" />
				</Linker>
			</Target>
		</Build>
		<Compiler>
			<Add option="-Wall" />
			<Add option="-fexceptions" />
		</Compiler>
		<Unit filename="FLTKInterface.h" />
		<Unit filename="FLTKInterface.inl" />
		<Unit filename="Matrix.h" />
		<Unit filename="NuLLDecomposition.h" />
		<Unit filename="NuLLDecomposition.inl" />
		<Unit filename="NuLLEigen.h" />
		<Unit filename="NuLLEigen.inl" />
		<Unit filename="NuLLMath.h" />
		<Unit filename="NuLLMath.inl" />
		<Unit filename="NuLLProcessing.h" />
		<Unit filename="NuLLProcessing.inl" />
		<Unit filename="NuLLSolve.h" />
		<Unit filename="NuLLSolve.inl" />
		<Unit filename="NuLLTools.h" />
		<Unit filename="NuLLTools.inl" />
		<Unit filename="NuLLTransform.h" />
		<Unit filename="NuLLTransform.inl" />
		<Unit filename="TestCases.h" />
		<Unit filename="Utils.h" />
		<Unit filename="Vector.h" />
		<Unit filename="main.cpp" />
		<Extensions>
			<code_completion />
			<envvars />
			<debugger />
			<lib_finder disable_auto="1" />
		</Extensions>
	</Project>
</CodeBlocks_project_file>
